
Microsoft Visual Studio Solution File, Format Version 12.00
# Visual Studio 14
VisualStudioVersion = 14.0.25420.1
MinimumVisualStudioVersion = 10.0.40219.1
Project("{F184B08F-C81C-45F6-A57F-5ABD9991F28F}") = "ConfigurarConexion", "ConfigurarConexion\ConfigurarConexion.vbproj", "{3D396991-B04E-4001-9A3B-F33636A25DBC}"
EndProject
Project("{F184B08F-C81C-45F6-A57F-5ABD9991F28F}") = "Criptografia", "..\Criptografia\Criptografia\Criptografia.vbproj", "{86EE2C2D-7717-4AC4-9543-09229D3CAFB6}"
EndProject
Global
	GlobalSection(SolutionConfigurationPlatforms) = preSolution
		Debug|Any CPU = Debug|Any CPU
		Release|Any CPU = Release|Any CPU
	EndGlobalSection
	GlobalSection(ProjectConfigurationPlatforms) = postSolution
		{3D396991-B04E-4001-9A3B-F33636A25DBC}.Debug|Any CPU.ActiveCfg = Debug|Any CPU
		{3D396991-B04E-4001-9A3B-F33636A25DBC}.Debug|Any CPU.Build.0 = Debug|Any CPU
		{3D396991-B04E-4001-9A3B-F33636A25DBC}.Release|Any CPU.ActiveCfg = Release|Any CPU
		{3D396991-B04E-4001-9A3B-F33636A25DBC}.Release|Any CPU.Build.0 = Release|Any CPU
		{86EE2C2D-7717-4AC4-9543-09229D3CAFB6}.Debug|Any CPU.ActiveCfg = Debug|Any CPU
		{86EE2C2D-7717-4AC4-9543-09229D3CAFB6}.Debug|Any CPU.Build.0 = Debug|Any CPU
		{86EE2C2D-7717-4AC4-9543-09229D3CAFB6}.Release|Any CPU.ActiveCfg = Release|Any CPU
		{86EE2C2D-7717-4AC4-9543-09229D3CAFB6}.Release|Any CPU.Build.0 = Release|Any CPU
	EndGlobalSection
	GlobalSection(SolutionProperties) = preSolution
		HideSolutionNode = FALSE
	EndGlobalSection
EndGlobal
